// !$*UTF8*$!
{
	archiveVersion = 1;
	classes = {
	};
	objectVersion = 46;
	objects = {

/* Begin PBXBuildFile section */
		781265951B3E37E800EC5C1B /* main.m in Sources */ = {isa = PBXBuildFile; fileRef = 781265941B3E37E800EC5C1B /* main.m */; };
		781265981B3E37E800EC5C1B /* AppDelegate.m in Sources */ = {isa = PBXBuildFile; fileRef = 781265971B3E37E800EC5C1B /* AppDelegate.m */; };
		7812659B1B3E37E800EC5C1B /* ViewController.m in Sources */ = {isa = PBXBuildFile; fileRef = 7812659A1B3E37E800EC5C1B /* ViewController.m */; };
		7812659E1B3E37E800EC5C1B /* Main.storyboard in Resources */ = {isa = PBXBuildFile; fileRef = 7812659C1B3E37E800EC5C1B /* Main.storyboard */; };
		781265A01B3E37E800EC5C1B /* Images.xcassets in Resources */ = {isa = PBXBuildFile; fileRef = 7812659F1B3E37E800EC5C1B /* Images.xcassets */; };
		781265A31B3E37E800EC5C1B /* LaunchScreen.xib in Resources */ = {isa = PBXBuildFile; fileRef = 781265A11B3E37E800EC5C1B /* LaunchScreen.xib */; };
		781265AF1B3E37E800EC5C1B /* XPhoneTests.m in Sources */ = {isa = PBXBuildFile; fileRef = 781265AE1B3E37E800EC5C1B /* XPhoneTests.m */; };
/* End PBXBuildFile section */

/* Begin PBXContainerItemProxy section */
		781265A91B3E37E800EC5C1B /* PBXContainerItemProxy */ = {
			isa = PBXContainerItemProxy;
			containerPortal = 781265871B3E37E800EC5C1B /* Project object */;
			proxyType = 1;
			remoteGlobalIDString = 7812658E1B3E37E800EC5C1B;
			remoteInfo = XPhone;
		};
/* End PBXContainerItemProxy section */

/* Begin PBXFileReference section */
		7812658F1B3E37E800EC5C1B /* XPhone.app */ = {isa = PBXFileReference; explicitFileType = wrapper.application; includeInIndex = 0; path = XPhone.app; sourceTree = BUILT_PRODUCTS_DIR; };
		781265931B3E37E800EC5C1B /* Info.plist */ = {isa = PBXFileReference; lastKnownFileType = text.plist.xml; path = Info.plist; sourceTree = "<group>"; };
		781265941B3E37E800EC5C1B /* main.m */ = {isa = PBXFileReference; lastKnownFileType = sourcecode.c.objc; path = main.m; sourceTree = "<group>"; };
		781265961B3E37E800EC5C1B /* AppDelegate.h */ = {isa = PBXFileReference; lastKnownFileType = sourcecode.c.h; path = AppDelegate.h; sourceTree = "<group>"; };
		781265971B3E37E800EC5C1B /* AppDelegate.m */ = {isa = PBXFileReference; lastKnownFileType = sourcecode.c.objc; path = AppDelegate.m; sourceTree = "<group>"; };
		781265991B3E37E800EC5C1B /* ViewController.h */ = {isa = PBXFileReference; lastKnownFileType = sourcecode.c.h; path = ViewController.h; sourceTree = "<group>"; };
		7812659A1B3E37E800EC5C1B /* ViewController.m */ = {isa = PBXFileReference; lastKnownFileType = sourcecode.c.objc; path = ViewController.m; sourceTree = "<group>"; };
		7812659D1B3E37E800EC5C1B /* Base */ = {isa = PBXFileReference; lastKnownFileType = file.storyboard; name = Base; path = Base.lproj/Main.storyboard; sourceTree = "<group>"; };
		7812659F1B3E37E800EC5C1B /* Images.xcassets */ = {isa = PBXFileReference; lastKnownFileType = folder.assetcatalog; path = Images.xcassets; sourceTree = "<group>"; };
		781265A21B3E37E800EC5C1B /* Base */ = {isa = PBXFileReference; lastKnownFileType = file.xib; name = Base; path = Base.lproj/LaunchScreen.xib; sourceTree = "<group>"; };
		781265A81B3E37E800EC5C1B /* XPhoneTests.xctest */ = {isa = PBXFileReference; explicitFileType = wrapper.cfbundle; includeInIndex = 0; path = XPhoneTests.xctest; sourceTree = BUILT_PRODUCTS_DIR; };
		781265AD1B3E37E800EC5C1B /* Info.plist */ = {isa = PBXFileReference; lastKnownFileType = text.plist.xml; path = Info.plist; sourceTree = "<group>"; };
		781265AE1B3E37E800EC5C1B /* XPhoneTests.m */ = {isa = PBXFileReference; lastKnownFileType = sourcecode.c.objc; path = XPhoneTests.m; sourceTree = "<group>"; };
/* End PBXFileReference section */

/* Begin PBXFrameworksBuildPhase section */
		7812658C1B3E37E800EC5C1B /* Frameworks */ = {
			isa = PBXFrameworksBuildPhase;
			buildActionMask = 2147483647;
			files = (
			);
			runOnlyForDeploymentPostprocessing = 0;
		};
		781265A51B3E37E800EC5C1B /* Frameworks */ = {
			isa = PBXFrameworksBuildPhase;
			buildActionMask = 2147483647;
			files = (
			);
			runOnlyForDeploymentPostprocessing = 0;
		};
/* End PBXFrameworksBuildPhase section */

/* Begin PBXGroup section */
		781265861B3E37E800EC5C1B = {
			isa = PBXGroup;
			children = (
				781265911B3E37E800EC5C1B /* XPhone */,
				781265AB1B3E37E800EC5C1B /* XPhoneTests */,
				781265901B3E37E800EC5C1B /* Products */,
			);
			sourceTree = "<group>";
		};
		781265901B3E37E800EC5C1B /* Products */ = {
			isa = PBXGroup;
			children = (
				7812658F1B3E37E800EC5C1B /* XPhone.app */,
				781265A81B3E37E800EC5C1B /* XPhoneTests.xctest */,
			);
			name = Products;
			sourceTree = "<group>";
		};
		781265911B3E37E800EC5C1B /* XPhone */ = {
			isa = PBXGroup;
			children = (
				781265961B3E37E800EC5C1B /* AppDelegate.h */,
				781265971B3E37E800EC5C1B /* AppDelegate.m */,
				781265991B3E37E800EC5C1B /* ViewController.h */,
				7812659A1B3E37E800EC5C1B /* ViewController.m */,
				7812659C1B3E37E800EC5C1B /* Main.storyboard */,
				7812659F1B3E37E800EC5C1B /* Images.xcassets */,
				781265A11B3E37E800EC5C1B /* LaunchScreen.xib */,
				781265921B3E37E800EC5C1B /* Supporting Files */,
			);
			path = XPhone;
			sourceTree = "<group>";
		};
		781265921B3E37E800EC5C1B /* Supporting Files */ = {
			isa = PBXGroup;
			children = (
				781265931B3E37E800EC5C1B /* Info.plist */,
				781265941B3E37E800EC5C1B /* main.m */,
			);
			name = "Supporting Files";
			sourceTree = "<group>";
		};
		781265AB1B3E37E800EC5C1B /* XPhoneTests */ = {
			isa = PBXGroup;
			children = (
				781265AE1B3E37E800EC5C1B /* XPhoneTests.m */,
				781265AC1B3E37E800EC5C1B /* Supporting Files */,
			);
			path = XPhoneTests;
			sourceTree = "<group>";
		};
		781265AC1B3E37E800EC5C1B /* Supporting Files */ = {
			isa = PBXGroup;
			children = (
				781265AD1B3E37E800EC5C1B /* Info.plist */,
			);
			name = "Supporting Files";
			sourceTree = "<group>";
		};
/* End PBXGroup section */

/* Begin PBXNativeTarget section */
		7812658E1B3E37E800EC5C1B /* XPhone */ = {
			isa = PBXNativeTarget;
			buildConfigurationList = 781265B21B3E37E800EC5C1B /* Build configuration list for PBXNativeTarget "XPhone" */;
			buildPhases = (
				7812658B1B3E37E800EC5C1B /* Sources */,
				7812658C1B3E37E800EC5C1B /* Frameworks */,
				7812658D1B3E37E800EC5C1B /* Resources */,
			);
			buildRules = (
			);
			dependencies = (
			);
			name = XPhone;
			productName = XPhone;
			productReference = 7812658F1B3E37E800EC5C1B /* XPhone.app */;
			productType = "com.apple.product-type.application";
		};
		781265A71B3E37E800EC5C1B /* XPhoneTests */ = {
			isa = PBXNativeTarget;
			buildConfigurationList = 781265B51B3E37E800EC5C1B /* Build configuration list for PBXNativeTarget "XPhoneTests" */;
			buildPhases = (
				781265A41B3E37E800EC5C1B /* Sources */,
				781265A51B3E37E800EC5C1B /* Frameworks */,
				781265A61B3E37E800EC5C1B /* Resources */,
			);
			buildRules = (
			);
			dependencies = (
				781265AA1B3E37E800EC5C1B /* PBXTargetDependency */,
			);
			name = XPhoneTests;
			productName = XPhoneTests;
			productReference = 781265A81B3E37E800EC5C1B /* XPhoneTests.xctest */;
			productType = "com.apple.product-type.bundle.unit-test";
		};
/* End PBXNativeTarget section */

/* Begin PBXProject section */
		781265871B3E37E800EC5C1B /* Project object */ = {
			isa = PBXProject;
			attributes = {
				LastUpgradeCheck = 0630;
				ORGANIZATIONNAME = Bebeeru;
				TargetAttributes = {
					7812658E1B3E37E800EC5C1B = {
						CreatedOnToolsVersion = 6.3.2;
					};
					781265A71B3E37E800EC5C1B = {
						CreatedOnToolsVersion = 6.3.2;
						TestTargetID = 7812658E1B3E37E800EC5C1B;
					};
				};
			};
			buildConfigurationList = 7812658A1B3E37E800EC5C1B /* Build configuration list for PBXProject "XPhone" */;
			compatibilityVersion = "Xcode 3.2";
			developmentRegion = English;
			hasScannedForEncodings = 0;
			knownRegions = (
				en,
				Base,
			);
			mainGroup = 781265861B3E37E800EC5C1B;
			productRefGroup = 781265901B3E37E800EC5C1B /* Products */;
			projectDirPath = "";
			projectRoot = "";
			targets = (
				7812658E1B3E37E800EC5C1B /* XPhone */,
				781265A71B3E37E800EC5C1B /* XPhoneTests */,
			);
		};
/* End PBXProject section */

/* Begin PBXResourcesBuildPhase section */
		7812658D1B3E37E800EC5C1B /* Resources */ = {
			isa = PBXResourcesBuildPhase;
			buildActionMask = 2147483647;
			files = (
				7812659E1B3E37E800EC5C1B /* Main.storyboard in Resources */,
				781265A31B3E37E800EC5C1B /* LaunchScreen.xib in Resources */,
				781265A01B3E37E800EC5C1B /* Images.xcassets in Resources */,
			);
			runOnlyForDeploymentPostprocessing = 0;
		};
		781265A61B3E37E800EC5C1B /* Resources */ = {
			isa = PBXResourcesBuildPhase;
			buildActionMask = 2147483647;
			files = (
			);
			runOnlyForDeploymentPostprocessing = 0;
		};
/* End PBXResourcesBuildPhase section */

/* Begin PBXSourcesBuildPhase section */
		7812658B1B3E37E800EC5C1B /* Sources */ = {
			isa = PBXSourcesBuildPhase;
			buildActionMask = 2147483647;
			files = (
				7812659B1B3E37E800EC5C1B /* ViewController.m in Sources */,
				781265981B3E37E800EC5C1B /* AppDelegate.m in Sources */,
				781265951B3E37E800EC5C1B /* main.m in Sources */,
			);
			runOnlyForDeploymentPostprocessing = 0;
		};
		781265A41B3E37E800EC5C1B /* Sources */ = {
			isa = PBXSourcesBuildPhase;
			buildActionMask = 2147483647;
			files = (
				781265AF1B3E37E800EC5C1B /* XPhoneTests.m in Sources */,
			);
			runOnlyForDeploymentPostprocessing = 0;
		};
/* End PBXSourcesBuildPhase section */

/* Begin PBXTargetDependency section */
		781265AA1B3E37E800EC5C1B /* PBXTargetDependency */ = {
			isa = PBXTargetDependency;
			target = 7812658E1B3E37E800EC5C1B /* XPhone */;
			targetProxy = 781265A91B3E37E800EC5C1B /* PBXContainerItemProxy */;
		};
/* End PBXTargetDependency section */

/* Begin PBXVariantGroup section */
		7812659C1B3E37E800EC5C1B /* Main.storyboard */ = {
			isa = PBXVariantGroup;
			children = (
				7812659D1B3E37E800EC5C1B /* Base */,
			);
			name = Main.storyboard;
			sourceTree = "<group>";
		};
		781265A11B3E37E800EC5C1B /* LaunchScreen.xib */ = {
			isa = PBXVariantGroup;
			children = (
				781265A21B3E37E800EC5C1B /* Base */,
			);
			name = LaunchScreen.xib;
			sourceTree = "<group>";
		};
/* End PBXVariantGroup section */

/* Begin XCBuildConfiguration section */
		781265B01B3E37E800EC5C1B /* Debug */ = {
			isa = XCBuildConfiguration;
			buildSettings = {
				ALWAYS_SEARCH_USER_PATHS = NO;
				CLANG_CXX_LANGUAGE_STANDARD = "gnu++0x";
				CLANG_CXX_LIBRARY = "libc++";
				CLANG_ENABLE_MODULES = YES;
				CLANG_ENABLE_OBJC_ARC = YES;
				CLANG_WARN_BOOL_CONVERSION = YES;
				CLANG_WARN_CONSTANT_CONVERSION = YES;
				CLANG_WARN_DIRECT_OBJC_ISA_USAGE = YES_ERROR;
				CLANG_WARN_EMPTY_BODY = YES;
				CLANG_WARN_ENUM_CONVERSION = YES;
				CLANG_WARN_INT_CONVERSION = YES;
				CLANG_WARN_OBJC_ROOT_CLASS = YES_ERROR;
				CLANG_WARN_UNREACHABLE_CODE = YES;
				CLANG_WARN__DUPLICATE_METHOD_MATCH = YES;
				"CODE_SIGN_IDENTITY[sdk=iphoneos*]" = "iPhone Developer";
				COPY_PHASE_STRIP = NO;
				DEBUG_INFORMATION_FORMAT = "dwarf-with-dsym";
				ENABLE_STRICT_OBJC_MSGSEND = YES;
				GCC_C_LANGUAGE_STANDARD = gnu99;
				GCC_DYNAMIC_NO_PIC = NO;
				GCC_NO_COMMON_BLOCKS = YES;
				GCC_OPTIMIZATION_LEVEL = 0;
				GCC_PREPROCESSOR_DEFINITIONS = (
					"DEBUG=1",
					"$(inherited)",
				);
				GCC_SYMBOLS_PRIVATE_EXTERN = NO;
				GCC_WARN_64_TO_32_BIT_CONVERSION = YES;
				GCC_WARN_ABOUT_RETURN_TYPE = YES_ERROR;
				GCC_WARN_UNDECLARED_SELECTOR = YES;
				GCC_WARN_UNINITIALIZED_AUTOS = YES_AGGRESSIVE;
				GCC_WARN_UNUSED_FUNCTION = YES;
				GCC_WARN_UNUSED_VARIABLE = YES;
				IPHONEOS_DEPLOYMENT_TARGET = 8.3;
				MTL_ENABLE_DEBUG_INFO = YES;
				ONLY_ACTIVE_ARCH = YES;
				SDKROOT = iphoneos;
				TARGETED_DEVICE_FAMILY = "1,2";
			};
			name = Debug;
		};
		781265B11B3E37E800EC5C1B /* Release */ = {
			isa = XCBuildConfiguration;
			buildSettings = {
				ALWAYS_SEARCH_USER_PATHS = NO;
				CLANG_CXX_LANGUAGE_STANDARD = "gnu++0x";
				CLANG_CXX_LIBRARY = "libc++";
				CLANG_ENABLE_MODULES = YES;
				CLANG_ENABLE_OBJC_ARC = YES;
				CLANG_WARN_BOOL_CONVERSION = YES;
				CLANG_WARN_CONSTANT_CONVERSION = YES;
				CLANG_WARN_DIRECT_OBJC_ISA_USAGE = YES_ERROR;
				CLANG_WARN_EMPTY_BODY = YES;
				CLANG_WARN_ENUM_CONVERSION = YES;
				CLANG_WARN_INT_CONVERSION = YES;
				CLANG_WARN_OBJC_ROOT_CLASS = YES_ERROR;
				CLANG_WARN_UNREACHABLE_CODE = YES;
				CLANG_WARN__DUPLICATE_METHOD_MATCH = YES;
				"CODE_SIGN_IDENTITY[sdk=iphoneos*]" = "iPhone Developer";
				COPY_PHASE_STRIP = NO;
				DEBUG_INFORMATION_FORMAT = "dwarf-with-dsym";
				ENABLE_NS_ASSERTIONS = NO;
				ENABLE_STRICT_OBJC_MSGSEND = YES;
				GCC_C_LANGUAGE_STANDARD = gnu99;
				GCC_NO_COMMON_BLOCKS = YES;
				GCC_WARN_64_TO_32_BIT_CONVERSION = YES;
				GCC_WARN_ABOUT_RETURN_TYPE = YES_ERROR;
				GCC_WARN_UNDECLARED_SELECTOR = YES;
				GCC_WARN_UNINITIALIZED_AUTOS = YES_AGGRESSIVE;
				GCC_WARN_UNUSED_FUNCTION = YES;
				GCC_WARN_UNUSED_VARIABLE = YES;
				IPHONEOS_DEPLOYMENT_TARGET = 8.3;
				MTL_ENABLE_DEBUG_INFO = NO;
				SDKROOT = iphoneos;
				TARGETED_DEVICE_FAMILY = "1,2";
				VALIDATE_PRODUCT = YES;
			};
			name = Release;
		};
		781265B31B3E37E800EC5C1B /* Debug */ = {
			isa = XCBuildConfiguration;
			buildSettings = {
				ASSETCATALOG_COMPILER_APPICON_NAME = AppIcon;
				INFOPLIST_FILE = XPhone/Info.plist;
				LD_RUNPATH_SEARCH_PATHS = "$(inherited) @executable_path/Frameworks";
				PRODUCT_NAME = "$(TARGET_NAME)";
			};
			name = Debug;
		};
		781265B41B3E37E800EC5C1B /* Release */ = {
			isa = XCBuildConfiguration;
			buildSettings = {
				ASSETCATALOG_COMPILER_APPICON_NAME = AppIcon;
				INFOPLIST_FILE = XPhone/Info.plist;
				LD_RUNPATH_SEARCH_PATHS = "$(inherited) @executable_path/Frameworks";
				PRODUCT_NAME = "$(TARGET_NAME)";
			};
			name = Release;
		};
		781265B61B3E37E800EC5C1B /* Debug */ = {
			isa = XCBuildConfiguration;
			buildSettings = {
				BUNDLE_LOADER = "$(TEST_HOST)";
				FRAMEWORK_SEARCH_PATHS = (
					"$(SDKROOT)/Developer/Library/Frameworks",
					"$(inherited)",
				);
				GCC_PREPROCESSOR_DEFINITIONS = (
					"DEBUG=1",
					"$(inherited)",
				);
				INFOPLIST_FILE = XPhoneTests/Info.plist;
				LD_RUNPATH_SEARCH_PATHS = "$(inherited) @executable_path/Frameworks @loader_path/Frameworks";
				PRODUCT_NAME = "$(TARGET_NAME)";
				TEST_HOST = "$(BUILT_PRODUCTS_DIR)/XPhone.app/XPhone";
			};
			name = Debug;
		};
		781265B71B3E37E800EC5C1B /* Release */ = {
			isa = XCBuildConfiguration;
			buildSettings = {
				BUNDLE_LOADER = "$(TEST_HOST)";
				FRAMEWORK_SEARCH_PATHS = (
					"$(SDKROOT)/Developer/Library/Frameworks",
					"$(inherited)",
				);
				INFOPLIST_FILE = XPhoneTests/Info.plist;
				LD_RUNPATH_SEARCH_PATHS = "$(inherited) @executable_path/Frameworks @loader_path/Frameworks";
				PRODUCT_NAME = "$(TARGET_NAME)";
				TEST_HOST = "$(BUILT_PRODUCTS_DIR)/XPhone.app/XPhone";
			};
			name = Release;
		};
/* End XCBuildConfiguration section */

/* Begin XCConfigurationList section */
		7812658A1B3E37E800EC5C1B /* Build configuration list for PBXProject "XPhone" */ = {
			isa = XCConfigurationList;
			buildConfigurations = (
				781265B01B3E37E800EC5C1B /* Debug */,
				781265B11B3E37E800EC5C1B /* Release */,
			);
			defaultConfigurationIsVisible = 0;
			defaultConfigurationName = Release;
		};
		781265B21B3E37E800EC5C1B /* Build configuration list for PBXNativeTarget "XPhone" */ = {
			isa = XCConfigurationList;
			buildConfigurations = (
				781265B31B3E37E800EC5C1B /* Debug */,
				781265B41B3E37E800EC5C1B /* Release */,
			);
			defaultConfigurationIsVisible = 0;
		};
		781265B51B3E37E800EC5C1B /* Build configuration list for PBXNativeTarget "XPhoneTests" */ = {
			isa = XCConfigurationList;
			buildConfigurations = (
				781265B61B3E37E800EC5C1B /* Debug */,
				781265B71B3E37E800EC5C1B /* Release */,
			);
			defaultConfigurationIsVisible = 0;
		};
/* End XCConfigurationList section */
	};
	rootObject = 781265871B3E37E800EC5C1B /* Project object */;
}
